<?xml version="1.0" encoding="utf-8"?>
<Project ToolsVersion="4.0" xmlns="http://schemas.microsoft.com/developer/msbuild/2003">
  <ItemGroup>
    <Filter Include="Resource Files">
      <UniqueIdentifier>{67DA6AB6-F800-4c08-8B7A-83BB121AAD01}</UniqueIdentifier>
      <Extensions>rc;ico;cur;bmp;dlg;rc2;rct;bin;rgs;gif;jpg;jpeg;jpe;resx;tiff;tif;png;wav;mfcribbon-ms</Extensions>
    </Filter>
    <Filter Include="Base">
      <UniqueIdentifier>{bac2344e-1ac6-4ae5-8255-ccaa6761bf0c}</UniqueIdentifier>
    </Filter>
    <Filter Include="Resource Files\crosshairs">
      <UniqueIdentifier>{a2b78dc7-05ac-434c-a35e-7db5e017f559}</UniqueIdentifier>
    </Filter>
    <Filter Include="UI">
      <UniqueIdentifier>{68f6db9f-9385-40a4-89e9-859be1426f77}</UniqueIdentifier>
    </Filter>
    <Filter Include="core">
      <UniqueIdentifier>{93995380-89BD-4b04-88EB-625FBE52EBFB}</UniqueIdentifier>
      <Extensions>h;hh;hpp;hxx;h++;hm;inl;inc;ipp;xsd</Extensions>
    </Filter>
    <Filter Include="UI\Dlg">
      <UniqueIdentifier>{2e226266-b6aa-4ad7-9f82-3a7819c3b774}</UniqueIdentifier>
    </Filter>
    <Filter Include="UI\Tab">
      <UniqueIdentifier>{23df115c-d132-4b60-ba99-b7474afdab18}</UniqueIdentifier>
    </Filter>
    <Filter Include="UI\Controls">
      <UniqueIdentifier>{78a2276a-82e1-4d67-bfe7-e1d0b921e4a2}</UniqueIdentifier>
    </Filter>
    <Filter Include="UI\InputEditors">
      <UniqueIdentifier>{a996d105-5af1-40ae-909b-5fd56029e287}</UniqueIdentifier>
    </Filter>
  </ItemGroup>
  <ItemGroup>
    <ClInclude Include="Controls\TabControl\TabControl.h">
      <Filter>UI\Controls</Filter>
    </ClInclude>
    <ClInclude Include="targetver.h">
      <Filter>Base</Filter>
    </ClInclude>
    <ClInclude Include="framework.h">
      <Filter>Base</Filter>
    </ClInclude>
    <ClInclude Include="GameMate.h">
      <Filter>Base</Filter>
    </ClInclude>
    <ClInclude Include="pch.h">
      <Filter>Base</Filter>
    </ClInclude>
    <ClInclude Include="Controls\Tables\List\ListGroupCtrl\ListGroupCtrl.h">
      <Filter>UI\Controls</Filter>
    </ClInclude>
    <ClInclude Include="Controls\Tables\List\Widgets\SubItemsEditor\SubItemsEditor.h">
      <Filter>UI\Controls</Filter>
    </ClInclude>
    <ClInclude Include="Controls\Tables\List\Widgets\SubItemsEditor\SubItemsEditorImpl.h">
      <Filter>UI\Controls</Filter>
    </ClInclude>
    <ClInclude Include="Controls\Edit\CEditBase\CEditBase.h">
      <Filter>UI\Controls</Filter>
    </ClInclude>
    <ClInclude Include="Controls\Edit\SpinEdit\SpinEdit.h">
      <Filter>UI\Controls</Filter>
    </ClInclude>
    <ClInclude Include="Controls\SpinButton\SpinButton.h">
      <Filter>UI\Controls</Filter>
    </ClInclude>
    <ClInclude Include="Controls\Tooltip\ToolTip.h">
      <Filter>UI\Controls</Filter>
    </ClInclude>
    <ClInclude Include="Controls\TrayHelper\TrayHelper.h">
      <Filter>UI\Controls</Filter>
    </ClInclude>
    <ClInclude Include="Controls\ComboBox\CComboBoxWithSearch\ComboWithSearch.h">
      <Filter>UI\Controls</Filter>
    </ClInclude>
    <ClInclude Include="Controls\ComboBox\CIconComboBox\IconComboBox.h">
      <Filter>UI\Controls</Filter>
    </ClInclude>
    <ClInclude Include="Controls\Layout\Layout.h">
      <Filter>UI\Controls</Filter>
    </ClInclude>
    <ClInclude Include="core\Crosshairs.h">
      <Filter>core</Filter>
    </ClInclude>
    <ClInclude Include="core\Settings.h">
      <Filter>core</Filter>
    </ClInclude>
    <ClInclude Include="core\Worker.h">
      <Filter>core</Filter>
    </ClInclude>
    <ClInclude Include="Controls\Button\IconButton\IconButton.h">
      <Filter>UI\Controls</Filter>
    </ClInclude>
    <ClInclude Include="core\events.h">
      <Filter>core</Filter>
    </ClInclude>
    <ClInclude Include="Controls\MFC\CMFCEditBrowseCtrlEx.h">
      <Filter>UI\Controls</Filter>
    </ClInclude>
    <ClInclude Include="Controls\ToolWindow\ToolWindow.h">
      <Filter>UI\Controls</Filter>
    </ClInclude>
    <ClInclude Include="UI\Dlg\AddActionDlg.h">
      <Filter>UI\Dlg</Filter>
    </ClInclude>
    <ClInclude Include="UI\Dlg\AddingProcessToolkitDlg.h">
      <Filter>UI\Dlg</Filter>
    </ClInclude>
    <ClInclude Include="UI\Dlg\InputEditorDlg.h">
      <Filter>UI\Dlg</Filter>
    </ClInclude>
    <ClInclude Include="UI\Dlg\EditValueDlg.h">
      <Filter>UI\Dlg</Filter>
    </ClInclude>
    <ClInclude Include="UI\Dlg\InputSimulatorInfoDlg.h">
      <Filter>UI\Dlg</Filter>
    </ClInclude>
    <ClInclude Include="UI\Dlg\MainDlg.h">
      <Filter>UI\Dlg</Filter>
    </ClInclude>
    <ClInclude Include="UI\Dlg\TimerDlg.h">
      <Filter>UI\Dlg</Filter>
    </ClInclude>
    <ClInclude Include="UI\ActionEditors\InputEditor.h">
      <Filter>UI\InputEditors</Filter>
    </ClInclude>
    <ClInclude Include="UI\ActionEditors\CursorPositionEditorView.h">
      <Filter>UI\InputEditors</Filter>
    </ClInclude>
    <ClInclude Include="UI\ActionEditors\EditActions.h">
      <Filter>UI\InputEditors</Filter>
    </ClInclude>
    <ClInclude Include="UI\ActionEditors\InputEditorView.h">
      <Filter>UI\InputEditors</Filter>
    </ClInclude>
    <ClInclude Include="UI\ActionEditors\ScriptEditorView.h">
      <Filter>UI\InputEditors</Filter>
    </ClInclude>
    <ClInclude Include="UI\Tab\ActionsExecutorTab.h">
      <Filter>UI\Tab</Filter>
    </ClInclude>
    <ClInclude Include="UI\Tab\ActiveProcessToolkitTab.h">
      <Filter>UI\Tab</Filter>
    </ClInclude>
    <ClInclude Include="UI\Dlg\TimerSettingsDlg.h">
      <Filter>UI\Dlg</Filter>
    </ClInclude>
    <ClInclude Include="Controls\MFC\CMFCColorSelection.h">
      <Filter>UI\Controls</Filter>
    </ClInclude>
    <ClInclude Include="Controls\ComboBox\CheckCombobox\CheckComboBox.h">
      <Filter>UI\Controls</Filter>
    </ClInclude>
    <ClInclude Include="Resource.h">
      <Filter>Resource Files</Filter>
    </ClInclude>
  </ItemGroup>
  <ItemGroup>
    <ClCompile Include="Controls\TabControl\TabControl.cpp">
      <Filter>UI\Controls</Filter>
    </ClCompile>
    <ClCompile Include="pch.cpp">
      <Filter>Base</Filter>
    </ClCompile>
    <ClCompile Include="GameMate.cpp">
      <Filter>Base</Filter>
    </ClCompile>
    <ClCompile Include="Controls\Tables\List\ListGroupCtrl\ListGroupCtrl.cpp">
      <Filter>UI\Controls</Filter>
    </ClCompile>
    <ClCompile Include="Controls\Tables\List\Widgets\SubItemsEditor\SubItemsEditor.cpp">
      <Filter>UI\Controls</Filter>
    </ClCompile>
    <ClCompile Include="Controls\Edit\CEditBase\CEditBase.cpp">
      <Filter>UI\Controls</Filter>
    </ClCompile>
    <ClCompile Include="Controls\Edit\SpinEdit\SpinEdit.cpp">
      <Filter>UI\Controls</Filter>
    </ClCompile>
    <ClCompile Include="Controls\SpinButton\SpinButton.cpp">
      <Filter>UI\Controls</Filter>
    </ClCompile>
    <ClCompile Include="Controls\Tooltip\ToolTip.cpp">
      <Filter>UI\Controls</Filter>
    </ClCompile>
    <ClCompile Include="Controls\TrayHelper\TrayHelper.cpp">
      <Filter>UI\Controls</Filter>
    </ClCompile>
    <ClCompile Include="Controls\ComboBox\CComboBoxWithSearch\ComboWithSearch.cpp">
      <Filter>UI\Controls</Filter>
    </ClCompile>
    <ClCompile Include="Controls\ComboBox\CIconComboBox\IconComboBox.cpp">
      <Filter>UI\Controls</Filter>
    </ClCompile>
    <ClCompile Include="Controls\Layout\Layout.cpp">
      <Filter>UI\Controls</Filter>
    </ClCompile>
    <ClCompile Include="core\Crosshairs.cpp">
      <Filter>core</Filter>
    </ClCompile>
    <ClCompile Include="core\Settings.cpp">
      <Filter>core</Filter>
    </ClCompile>
    <ClCompile Include="core\Worker.cpp">
      <Filter>core</Filter>
    </ClCompile>
    <ClCompile Include="Controls\Button\IconButton\IconButton.cpp">
      <Filter>UI\Controls</Filter>
    </ClCompile>
    <ClCompile Include="Controls\MFC\CMFCEditBrowseCtrlEx.cpp">
      <Filter>UI\Controls</Filter>
    </ClCompile>
    <ClCompile Include="Controls\ToolWindow\ToolWindow.cpp">
      <Filter>UI\Controls</Filter>
    </ClCompile>
    <ClCompile Include="UI\Dlg\AddActionDlg.cpp">
      <Filter>UI\Dlg</Filter>
    </ClCompile>
    <ClCompile Include="UI\Dlg\AddingProcessToolkitDlg.cpp">
      <Filter>UI\Dlg</Filter>
    </ClCompile>
    <ClCompile Include="UI\Dlg\InputEditorDlg.cpp">
      <Filter>UI\Dlg</Filter>
    </ClCompile>
    <ClCompile Include="UI\Dlg\EditValueDlg.cpp">
      <Filter>UI\Dlg</Filter>
    </ClCompile>
    <ClCompile Include="UI\Dlg\InputSimulatorInfoDlg.cpp">
      <Filter>UI\Dlg</Filter>
    </ClCompile>
    <ClCompile Include="UI\Dlg\MainDlg.cpp">
      <Filter>UI\Dlg</Filter>
    </ClCompile>
    <ClCompile Include="UI\Dlg\TimerDlg.cpp">
      <Filter>UI\Dlg</Filter>
    </ClCompile>
    <ClCompile Include="UI\ActionEditors\InputEditor.cpp">
      <Filter>UI\InputEditors</Filter>
    </ClCompile>
    <ClCompile Include="UI\ActionEditors\CursorPositionEditorView.cpp">
      <Filter>UI\InputEditors</Filter>
    </ClCompile>
    <ClCompile Include="UI\ActionEditors\EditActions.cpp">
      <Filter>UI\InputEditors</Filter>
    </ClCompile>
    <ClCompile Include="UI\ActionEditors\InputEditorView.cpp">
      <Filter>UI\InputEditors</Filter>
    </ClCompile>
    <ClCompile Include="UI\ActionEditors\ScriptEditorView.cpp">
      <Filter>UI\InputEditors</Filter>
    </ClCompile>
    <ClCompile Include="UI\Tab\ActionsExecutorTab.cpp">
      <Filter>UI\Tab</Filter>
    </ClCompile>
    <ClCompile Include="UI\Tab\ActiveProcessToolkitTab.cpp">
      <Filter>UI\Tab</Filter>
    </ClCompile>
    <ClCompile Include="UI\Dlg\TimerSettingsDlg.cpp">
      <Filter>UI\Dlg</Filter>
    </ClCompile>
    <ClCompile Include="Controls\MFC\CMFCColorSelection.cpp">
      <Filter>UI\Controls</Filter>
    </ClCompile>
    <ClCompile Include="Controls\ComboBox\CheckCombobox\CheckComboBox.cpp">
      <Filter>UI\Controls</Filter>
    </ClCompile>
  </ItemGroup>
  <ItemGroup>
    <ResourceCompile Include="GameMate.rc">
      <Filter>Resource Files</Filter>
    </ResourceCompile>
  </ItemGroup>
  <ItemGroup>
    <None Include="res\GameMate.rc2">
      <Filter>Resource Files</Filter>
    </None>
  </ItemGroup>
  <ItemGroup>
    <Image Include="res\GameMate.ico">
      <Filter>Resource Files</Filter>
    </Image>
    <Image Include="res\crosshairs\crosshair_0_16.png">
      <Filter>Resource Files\crosshairs</Filter>
    </Image>
    <Image Include="res\crosshairs\crosshair_0_24.png">
      <Filter>Resource Files\crosshairs</Filter>
    </Image>
    <Image Include="res\crosshairs\crosshair_0_32.png">
      <Filter>Resource Files\crosshairs</Filter>
    </Image>
    <Image Include="res\crosshairs\crosshair_1_16.png">
      <Filter>Resource Files\crosshairs</Filter>
    </Image>
    <Image Include="res\crosshairs\crosshair_1_24.png">
      <Filter>Resource Files\crosshairs</Filter>
    </Image>
    <Image Include="res\crosshairs\crosshair_1_32.png">
      <Filter>Resource Files\crosshairs</Filter>
    </Image>
    <Image Include="res\crosshairs\crosshair_2_16.png">
      <Filter>Resource Files\crosshairs</Filter>
    </Image>
    <Image Include="res\crosshairs\crosshair_2_24.png">
      <Filter>Resource Files\crosshairs</Filter>
    </Image>
    <Image Include="res\crosshairs\crosshair_2_32.png">
      <Filter>Resource Files\crosshairs</Filter>
    </Image>
    <Image Include="res\crosshairs\crosshair_3_16.png">
      <Filter>Resource Files\crosshairs</Filter>
    </Image>
    <Image Include="res\crosshairs\crosshair_3_24.png">
      <Filter>Resource Files\crosshairs</Filter>
    </Image>
    <Image Include="res\crosshairs\crosshair_3_32.png">
      <Filter>Resource Files\crosshairs</Filter>
    </Image>
    <Image Include="res\crosshairs\crosshair_4_16.png">
      <Filter>Resource Files\crosshairs</Filter>
    </Image>
    <Image Include="res\crosshairs\crosshair_4_24.png">
      <Filter>Resource Files\crosshairs</Filter>
    </Image>
    <Image Include="res\crosshairs\crosshair_4_32.png">
      <Filter>Resource Files\crosshairs</Filter>
    </Image>
    <Image Include="res\crosshairs\crosshair_5_16.png">
      <Filter>Resource Files\crosshairs</Filter>
    </Image>
    <Image Include="res\crosshairs\crosshair_5_24.png">
      <Filter>Resource Files\crosshairs</Filter>
    </Image>
    <Image Include="res\crosshairs\crosshair_5_32.png">
      <Filter>Resource Files\crosshairs</Filter>
    </Image>
    <Image Include="res\crosshairs\crosshair_6_16.png">
      <Filter>Resource Files\crosshairs</Filter>
    </Image>
    <Image Include="res\crosshairs\crosshair_6_24.png">
      <Filter>Resource Files\crosshairs</Filter>
    </Image>
    <Image Include="res\crosshairs\crosshair_6_32.png">
      <Filter>Resource Files\crosshairs</Filter>
    </Image>
    <Image Include="res\crosshairs\crosshair_7_16.png">
      <Filter>Resource Files\crosshairs</Filter>
    </Image>
    <Image Include="res\crosshairs\crosshair_7_24.png">
      <Filter>Resource Files\crosshairs</Filter>
    </Image>
    <Image Include="res\crosshairs\crosshair_7_32.png">
      <Filter>Resource Files\crosshairs</Filter>
    </Image>
    <Image Include="res\crosshairs\crosshair_8_16.png">
      <Filter>Resource Files\crosshairs</Filter>
    </Image>
    <Image Include="res\crosshairs\crosshair_8_24.png">
      <Filter>Resource Files\crosshairs</Filter>
    </Image>
    <Image Include="res\crosshairs\crosshair_8_32.png">
      <Filter>Resource Files\crosshairs</Filter>
    </Image>
    <Image Include="res\arrow_down.png">
      <Filter>Resource Files</Filter>
    </Image>
    <Image Include="res\arrow_up.png">
      <Filter>Resource Files</Filter>
    </Image>
    <Image Include="res\settings.png">
      <Filter>Resource Files</Filter>
    </Image>
    <Image Include="res\add.png">
      <Filter>Resource Files</Filter>
    </Image>
    <Image Include="res\delete.png">
      <Filter>Resource Files</Filter>
    </Image>
    <Image Include="res\cursor_position_selector.png">
      <Filter>Resource Files</Filter>
    </Image>
    <Image Include="res\delay.png">
      <Filter>Resource Files</Filter>
    </Image>
    <Image Include="res\start_recording.png">
      <Filter>Resource Files</Filter>
    </Image>
    <Image Include="res\stop_recording.png">
      <Filter>Resource Files</Filter>
    </Image>
  </ItemGroup>
</Project>